{
  "name": "open-abap-deprecated",
  "version": "1.0.0",
  "lockfileVersion": 3,
  "requires": true,
  "packages": {
    "": {
      "name": "open-abap-deprecated",
      "version": "1.0.0",
      "license": "ISC",
      "dependencies": {
        "@abaplint/cli": "^2.120.51"
      }
    },
    "node_modules/@abaplint/cli": {
      "version": "2.120.51",
      "resolved": "https://registry.npmjs.org/@abaplint/cli/-/cli-2.120.51.tgz",
      "integrity": "sha512-tiFi73eqMNpPUcEmIxKGue04TLjjS/acBwH6ZnjYslvzGXlGLbWs7vK/AjOP/0pdPD2wVpcHBm5ww1Ves3xZDQ==",
      "license": "MIT",
      "bin": {
        "abaplint": "abaplint"
      },
      "engines": {
        "node": ">=22.0.0"
      },
      "funding": {
        "url": "https://github.com/sponsors/larshp"
      }
    }
  }
}
